// !$*UTF8*$!
{
	archiveVersion = 1;
	classes = {
	};
	objectVersion = 56;
	objects = {

/* Begin PBXBuildFile section */
		CE66BC112B4DA35900B2C264 /* TextAnimatableValue.swift in Sources */ = {isa = PBXBuildFile; fileRef = CE66BC102B4DA35900B2C264 /* TextAnimatableValue.swift */; };
		CE6C665D2B35FB1400871036 /* FinanceAppApp.swift in Sources */ = {isa = PBXBuildFile; fileRef = CE6C665C2B35FB1400871036 /* FinanceAppApp.swift */; };
		CE6C66612B35FB1800871036 /* Assets.xcassets in Resources */ = {isa = PBXBuildFile; fileRef = CE6C66602B35FB1800871036 /* Assets.xcassets */; };
		CE6C66642B35FB1800871036 /* Preview Assets.xcassets in Resources */ = {isa = PBXBuildFile; fileRef = CE6C66632B35FB1800871036 /* Preview Assets.xcassets */; };
		CE6C66722B35FD8E00871036 /* VerticalCard.swift in Sources */ = {isa = PBXBuildFile; fileRef = CE6C66712B35FD8E00871036 /* VerticalCard.swift */; };
		CE6C66742B3607EA00871036 /* HomeView.swift in Sources */ = {isa = PBXBuildFile; fileRef = CE6C66732B3607EA00871036 /* HomeView.swift */; };
		CE6C66762B363B6500871036 /* CircleButton.swift in Sources */ = {isa = PBXBuildFile; fileRef = CE6C66752B363B6500871036 /* CircleButton.swift */; };
		CEA0A0972B4CD8930082A252 /* SendMoneyView.swift in Sources */ = {isa = PBXBuildFile; fileRef = CEA0A0962B4CD8930082A252 /* SendMoneyView.swift */; };
		CEA0A0992B4CDDD50082A252 /* Color+Hex.swift in Sources */ = {isa = PBXBuildFile; fileRef = CEA0A0982B4CDDD50082A252 /* Color+Hex.swift */; };
		CEA0A09B2B4CE0B00082A252 /* AppModel.swift in Sources */ = {isa = PBXBuildFile; fileRef = CEA0A09A2B4CE0B00082A252 /* AppModel.swift */; };
		CEA0A09D2B4CE43E0082A252 /* FriendCard.swift in Sources */ = {isa = PBXBuildFile; fileRef = CEA0A09C2B4CE43D0082A252 /* FriendCard.swift */; };
		CEA0A09F2B4CEBD50082A252 /* PrimaryButton.swift in Sources */ = {isa = PBXBuildFile; fileRef = CEA0A09E2B4CEBD50082A252 /* PrimaryButton.swift */; };
		CEA0A0A12B4CF1130082A252 /* NumberPadView.swift in Sources */ = {isa = PBXBuildFile; fileRef = CEA0A0A02B4CF1130082A252 /* NumberPadView.swift */; };
		CEA0A0A52B4CFE4D0082A252 /* NumpadButton.swift in Sources */ = {isa = PBXBuildFile; fileRef = CEA0A0A42B4CFE4D0082A252 /* NumpadButton.swift */; };
		CED289382B4E01D70077C3AA /* SendtoFriendCard.swift in Sources */ = {isa = PBXBuildFile; fileRef = CED289372B4E01D70077C3AA /* SendtoFriendCard.swift */; };
/* End PBXBuildFile section */

/* Begin PBXFileReference section */
		CE66BC102B4DA35900B2C264 /* TextAnimatableValue.swift */ = {isa = PBXFileReference; lastKnownFileType = sourcecode.swift; path = TextAnimatableValue.swift; sourceTree = "<group>"; };
		CE6C66592B35FB1400871036 /* FinanceApp.app */ = {isa = PBXFileReference; explicitFileType = wrapper.application; includeInIndex = 0; path = FinanceApp.app; sourceTree = BUILT_PRODUCTS_DIR; };
		CE6C665C2B35FB1400871036 /* FinanceAppApp.swift */ = {isa = PBXFileReference; lastKnownFileType = sourcecode.swift; path = FinanceAppApp.swift; sourceTree = "<group>"; };
		CE6C66602B35FB1800871036 /* Assets.xcassets */ = {isa = PBXFileReference; lastKnownFileType = folder.assetcatalog; path = Assets.xcassets; sourceTree = "<group>"; };
		CE6C66632B35FB1800871036 /* Preview Assets.xcassets */ = {isa = PBXFileReference; lastKnownFileType = folder.assetcatalog; path = "Preview Assets.xcassets"; sourceTree = "<group>"; };
		CE6C66712B35FD8E00871036 /* VerticalCard.swift */ = {isa = PBXFileReference; lastKnownFileType = sourcecode.swift; path = VerticalCard.swift; sourceTree = "<group>"; };
		CE6C66732B3607EA00871036 /* HomeView.swift */ = {isa = PBXFileReference; lastKnownFileType = sourcecode.swift; path = HomeView.swift; sourceTree = "<group>"; };
		CE6C66752B363B6500871036 /* CircleButton.swift */ = {isa = PBXFileReference; lastKnownFileType = sourcecode.swift; path = CircleButton.swift; sourceTree = "<group>"; };
		CEA0A0962B4CD8930082A252 /* SendMoneyView.swift */ = {isa = PBXFileReference; lastKnownFileType = sourcecode.swift; path = SendMoneyView.swift; sourceTree = "<group>"; };
		CEA0A0982B4CDDD50082A252 /* Color+Hex.swift */ = {isa = PBXFileReference; lastKnownFileType = sourcecode.swift; path = "Color+Hex.swift"; sourceTree = "<group>"; };
		CEA0A09A2B4CE0B00082A252 /* AppModel.swift */ = {isa = PBXFileReference; lastKnownFileType = sourcecode.swift; path = AppModel.swift; sourceTree = "<group>"; };
		CEA0A09C2B4CE43D0082A252 /* FriendCard.swift */ = {isa = PBXFileReference; lastKnownFileType = sourcecode.swift; path = FriendCard.swift; sourceTree = "<group>"; };
		CEA0A09E2B4CEBD50082A252 /* PrimaryButton.swift */ = {isa = PBXFileReference; lastKnownFileType = sourcecode.swift; path = PrimaryButton.swift; sourceTree = "<group>"; };
		CEA0A0A02B4CF1130082A252 /* NumberPadView.swift */ = {isa = PBXFileReference; lastKnownFileType = sourcecode.swift; path = NumberPadView.swift; sourceTree = "<group>"; };
		CEA0A0A42B4CFE4D0082A252 /* NumpadButton.swift */ = {isa = PBXFileReference; lastKnownFileType = sourcecode.swift; path = NumpadButton.swift; sourceTree = "<group>"; };
		CED289372B4E01D70077C3AA /* SendtoFriendCard.swift */ = {isa = PBXFileReference; lastKnownFileType = sourcecode.swift; path = SendtoFriendCard.swift; sourceTree = "<group>"; };
/* End PBXFileReference section */

/* Begin PBXFrameworksBuildPhase section */
		CE6C66562B35FB1400871036 /* Frameworks */ = {
			isa = PBXFrameworksBuildPhase;
			buildActionMask = 2147483647;
			files = (
			);
			runOnlyForDeploymentPostprocessing = 0;
		};
/* End PBXFrameworksBuildPhase section */

/* Begin PBXGroup section */
		CE6C66502B35FB1400871036 = {
			isa = PBXGroup;
			children = (
				CE6C665B2B35FB1400871036 /* FinanceApp */,
				CE6C665A2B35FB1400871036 /* Products */,
			);
			sourceTree = "<group>";
		};
		CE6C665A2B35FB1400871036 /* Products */ = {
			isa = PBXGroup;
			children = (
				CE6C66592B35FB1400871036 /* FinanceApp.app */,
			);
			name = Products;
			sourceTree = "<group>";
		};
		CE6C665B2B35FB1400871036 /* FinanceApp */ = {
			isa = PBXGroup;
			children = (
				CE6C666A2B35FBDF00871036 /* Views */,
				CE6C666C2B35FC3800871036 /* Shared */,
				CE6C666F2B35FCAA00871036 /* Models */,
				CE6C665C2B35FB1400871036 /* FinanceAppApp.swift */,
				CE6C66602B35FB1800871036 /* Assets.xcassets */,
				CE6C66622B35FB1800871036 /* Preview Content */,
			);
			path = FinanceApp;
			sourceTree = "<group>";
		};
		CE6C66622B35FB1800871036 /* Preview Content */ = {
			isa = PBXGroup;
			children = (
				CE6C66632B35FB1800871036 /* Preview Assets.xcassets */,
			);
			path = "Preview Content";
			sourceTree = "<group>";
		};
		CE6C666A2B35FBDF00871036 /* Views */ = {
			isa = PBXGroup;
			children = (
				CE6C66732B3607EA00871036 /* HomeView.swift */,
				CEA0A0962B4CD8930082A252 /* SendMoneyView.swift */,
			);
			path = Views;
			sourceTree = "<group>";
		};
		CE6C666B2B35FC2E00871036 /* Components */ = {
			isa = PBXGroup;
			children = (
				CE6C66712B35FD8E00871036 /* VerticalCard.swift */,
				CE6C66752B363B6500871036 /* CircleButton.swift */,
				CEA0A09C2B4CE43D0082A252 /* FriendCard.swift */,
				CEA0A09E2B4CEBD50082A252 /* PrimaryButton.swift */,
				CEA0A0A02B4CF1130082A252 /* NumberPadView.swift */,
				CEA0A0A42B4CFE4D0082A252 /* NumpadButton.swift */,
				CE66BC102B4DA35900B2C264 /* TextAnimatableValue.swift */,
				CED289372B4E01D70077C3AA /* SendtoFriendCard.swift */,
			);
			path = Components;
			sourceTree = "<group>";
		};
		CE6C666C2B35FC3800871036 /* Shared */ = {
			isa = PBXGroup;
			children = (
				CE6C666B2B35FC2E00871036 /* Components */,
				CE6C666D2B35FC5300871036 /* Extensions */,
			);
			path = Shared;
			sourceTree = "<group>";
		};
		CE6C666D2B35FC5300871036 /* Extensions */ = {
			isa = PBXGroup;
			children = (
				CEA0A0982B4CDDD50082A252 /* Color+Hex.swift */,
			);
			path = Extensions;
			sourceTree = "<group>";
		};
		CE6C666F2B35FCAA00871036 /* Models */ = {
			isa = PBXGroup;
			children = (
				CEA0A09A2B4CE0B00082A252 /* AppModel.swift */,
			);
			path = Models;
			sourceTree = "<group>";
		};
/* End PBXGroup section */

/* Begin PBXNativeTarget section */
		CE6C66582B35FB1400871036 /* FinanceApp */ = {
			isa = PBXNativeTarget;
			buildConfigurationList = CE6C66672B35FB1800871036 /* Build configuration list for PBXNativeTarget "FinanceApp" */;
			buildPhases = (
				CE6C66552B35FB1400871036 /* Sources */,
				CE6C66562B35FB1400871036 /* Frameworks */,
				CE6C66572B35FB1400871036 /* Resources */,
			);
			buildRules = (
			);
			dependencies = (
			);
			name = FinanceApp;
			productName = FinanceApp;
			productReference = CE6C66592B35FB1400871036 /* FinanceApp.app */;
			productType = "com.apple.product-type.application";
		};
/* End PBXNativeTarget section */

/* Begin PBXProject section */
		CE6C66512B35FB1400871036 /* Project object */ = {
			isa = PBXProject;
			attributes = {
				BuildIndependentTargetsInParallel = 1;
				LastSwiftUpdateCheck = 1500;
				LastUpgradeCheck = 1500;
				TargetAttributes = {
					CE6C66582B35FB1400871036 = {
						CreatedOnToolsVersion = 15.0.1;
					};
				};
			};
			buildConfigurationList = CE6C66542B35FB1400871036 /* Build configuration list for PBXProject "FinanceApp" */;
			compatibilityVersion = "Xcode 14.0";
			developmentRegion = en;
			hasScannedForEncodings = 0;
			knownRegions = (
				en,
				Base,
			);
			mainGroup = CE6C66502B35FB1400871036;
			productRefGroup = CE6C665A2B35FB1400871036 /* Products */;
			projectDirPath = "";
			projectRoot = "";
			targets = (
				CE6C66582B35FB1400871036 /* FinanceApp */,
			);
		};
/* End PBXProject section */

/* Begin PBXResourcesBuildPhase section */
		CE6C66572B35FB1400871036 /* Resources */ = {
			isa = PBXResourcesBuildPhase;
			buildActionMask = 2147483647;
			files = (
				CE6C66642B35FB1800871036 /* Preview Assets.xcassets in Resources */,
				CE6C66612B35FB1800871036 /* Assets.xcassets in Resources */,
			);
			runOnlyForDeploymentPostprocessing = 0;
		};
/* End PBXResourcesBuildPhase section */

/* Begin PBXSourcesBuildPhase section */
		CE6C66552B35FB1400871036 /* Sources */ = {
			isa = PBXSourcesBuildPhase;
			buildActionMask = 2147483647;
			files = (
				CEA0A09F2B4CEBD50082A252 /* PrimaryButton.swift in Sources */,
				CED289382B4E01D70077C3AA /* SendtoFriendCard.swift in Sources */,
				CEA0A09B2B4CE0B00082A252 /* AppModel.swift in Sources */,
				CE6C665D2B35FB1400871036 /* FinanceAppApp.swift in Sources */,
				CE6C66742B3607EA00871036 /* HomeView.swift in Sources */,
				CE6C66722B35FD8E00871036 /* VerticalCard.swift in Sources */,
				CEA0A0972B4CD8930082A252 /* SendMoneyView.swift in Sources */,
				CE6C66762B363B6500871036 /* CircleButton.swift in Sources */,
				CEA0A0A52B4CFE4D0082A252 /* NumpadButton.swift in Sources */,
				CE66BC112B4DA35900B2C264 /* TextAnimatableValue.swift in Sources */,
				CEA0A0A12B4CF1130082A252 /* NumberPadView.swift in Sources */,
				CEA0A0992B4CDDD50082A252 /* Color+Hex.swift in Sources */,
				CEA0A09D2B4CE43E0082A252 /* FriendCard.swift in Sources */,
			);
			runOnlyForDeploymentPostprocessing = 0;
		};
/* End PBXSourcesBuildPhase section */

/* Begin XCBuildConfiguration section */
		CE6C66652B35FB1800871036 /* Debug */ = {
			isa = XCBuildConfiguration;
			buildSettings = {
				ALWAYS_SEARCH_USER_PATHS = NO;
				ASSETCATALOG_COMPILER_GENERATE_SWIFT_ASSET_SYMBOL_EXTENSIONS = YES;
				CLANG_ANALYZER_NONNULL = YES;
				CLANG_ANALYZER_NUMBER_OBJECT_CONVERSION = YES_AGGRESSIVE;
				CLANG_CXX_LANGUAGE_STANDARD = "gnu++20";
				CLANG_ENABLE_MODULES = YES;
				CLANG_ENABLE_OBJC_ARC = YES;
				CLANG_ENABLE_OBJC_WEAK = YES;
				CLANG_WARN_BLOCK_CAPTURE_AUTORELEASING = YES;
				CLANG_WARN_BOOL_CONVERSION = YES;
				CLANG_WARN_COMMA = YES;
				CLANG_WARN_CONSTANT_CONVERSION = YES;
				CLANG_WARN_DEPRECATED_OBJC_IMPLEMENTATIONS = YES;
				CLANG_WARN_DIRECT_OBJC_ISA_USAGE = YES_ERROR;
				CLANG_WARN_DOCUMENTATION_COMMENTS = YES;
				CLANG_WARN_EMPTY_BODY = YES;
				CLANG_WARN_ENUM_CONVERSION = YES;
				CLANG_WARN_INFINITE_RECURSION = YES;
				CLANG_WARN_INT_CONVERSION = YES;
				CLANG_WARN_NON_LITERAL_NULL_CONVERSION = YES;
				CLANG_WARN_OBJC_IMPLICIT_RETAIN_SELF = YES;
				CLANG_WARN_OBJC_LITERAL_CONVERSION = YES;
				CLANG_WARN_OBJC_ROOT_CLASS = YES_ERROR;
				CLANG_WARN_QUOTED_INCLUDE_IN_FRAMEWORK_HEADER = YES;
				CLANG_WARN_RANGE_LOOP_ANALYSIS = YES;
				CLANG_WARN_STRICT_PROTOTYPES = YES;
				CLANG_WARN_SUSPICIOUS_MOVE = YES;
				CLANG_WARN_UNGUARDED_AVAILABILITY = YES_AGGRESSIVE;
				CLANG_WARN_UNREACHABLE_CODE = YES;
				CLANG_WARN__DUPLICATE_METHOD_MATCH = YES;
				COPY_PHASE_STRIP = NO;
				DEBUG_INFORMATION_FORMAT = dwarf;
				ENABLE_STRICT_OBJC_MSGSEND = YES;
				ENABLE_TESTABILITY = YES;
				ENABLE_USER_SCRIPT_SANDBOXING = YES;
				GCC_C_LANGUAGE_STANDARD = gnu17;
				GCC_DYNAMIC_NO_PIC = NO;
				GCC_NO_COMMON_BLOCKS = YES;
				GCC_OPTIMIZATION_LEVEL = 0;
				GCC_PREPROCESSOR_DEFINITIONS = (
					"DEBUG=1",
					"$(inherited)",
				);
				GCC_WARN_64_TO_32_BIT_CONVERSION = YES;
				GCC_WARN_ABOUT_RETURN_TYPE = YES_ERROR;
				GCC_WARN_UNDECLARED_SELECTOR = YES;
				GCC_WARN_UNINITIALIZED_AUTOS = YES_AGGRESSIVE;
				GCC_WARN_UNUSED_FUNCTION = YES;
				GCC_WARN_UNUSED_VARIABLE = YES;
				IPHONEOS_DEPLOYMENT_TARGET = 17.0;
				LOCALIZATION_PREFERS_STRING_CATALOGS = YES;
				MTL_ENABLE_DEBUG_INFO = INCLUDE_SOURCE;
				MTL_FAST_MATH = YES;
				ONLY_ACTIVE_ARCH = YES;
				SDKROOT = iphoneos;
				SWIFT_ACTIVE_COMPILATION_CONDITIONS = "DEBUG $(inherited)";
				SWIFT_OPTIMIZATION_LEVEL = "-Onone";
			};
			name = Debug;
		};
		CE6C66662B35FB1800871036 /* Release */ = {
			isa = XCBuildConfiguration;
			buildSettings = {
				ALWAYS_SEARCH_USER_PATHS = NO;
				ASSETCATALOG_COMPILER_GENERATE_SWIFT_ASSET_SYMBOL_EXTENSIONS = YES;
				CLANG_ANALYZER_NONNULL = YES;
				CLANG_ANALYZER_NUMBER_OBJECT_CONVERSION = YES_AGGRESSIVE;
				CLANG_CXX_LANGUAGE_STANDARD = "gnu++20";
				CLANG_ENABLE_MODULES = YES;
				CLANG_ENABLE_OBJC_ARC = YES;
				CLANG_ENABLE_OBJC_WEAK = YES;
				CLANG_WARN_BLOCK_CAPTURE_AUTORELEASING = YES;
				CLANG_WARN_BOOL_CONVERSION = YES;
				CLANG_WARN_COMMA = YES;
				CLANG_WARN_CONSTANT_CONVERSION = YES;
				CLANG_WARN_DEPRECATED_OBJC_IMPLEMENTATIONS = YES;
				CLANG_WARN_DIRECT_OBJC_ISA_USAGE = YES_ERROR;
				CLANG_WARN_DOCUMENTATION_COMMENTS = YES;
				CLANG_WARN_EMPTY_BODY = YES;
				CLANG_WARN_ENUM_CONVERSION = YES;
				CLANG_WARN_INFINITE_RECURSION = YES;
				CLANG_WARN_INT_CONVERSION = YES;
				CLANG_WARN_NON_LITERAL_NULL_CONVERSION = YES;
				CLANG_WARN_OBJC_IMPLICIT_RETAIN_SELF = YES;
				CLANG_WARN_OBJC_LITERAL_CONVERSION = YES;
				CLANG_WARN_OBJC_ROOT_CLASS = YES_ERROR;
				CLANG_WARN_QUOTED_INCLUDE_IN_FRAMEWORK_HEADER = YES;
				CLANG_WARN_RANGE_LOOP_ANALYSIS = YES;
				CLANG_WARN_STRICT_PROTOTYPES = YES;
				CLANG_WARN_SUSPICIOUS_MOVE = YES;
				CLANG_WARN_UNGUARDED_AVAILABILITY = YES_AGGRESSIVE;
				CLANG_WARN_UNREACHABLE_CODE = YES;
				CLANG_WARN__DUPLICATE_METHOD_MATCH = YES;
				COPY_PHASE_STRIP = NO;
				DEBUG_INFORMATION_FORMAT = "dwarf-with-dsym";
				ENABLE_NS_ASSERTIONS = NO;
				ENABLE_STRICT_OBJC_MSGSEND = YES;
				ENABLE_USER_SCRIPT_SANDBOXING = YES;
				GCC_C_LANGUAGE_STANDARD = gnu17;
				GCC_NO_COMMON_BLOCKS = YES;
				GCC_WARN_64_TO_32_BIT_CONVERSION = YES;
				GCC_WARN_ABOUT_RETURN_TYPE = YES_ERROR;
				GCC_WARN_UNDECLARED_SELECTOR = YES;
				GCC_WARN_UNINITIALIZED_AUTOS = YES_AGGRESSIVE;
				GCC_WARN_UNUSED_FUNCTION = YES;
				GCC_WARN_UNUSED_VARIABLE = YES;
				IPHONEOS_DEPLOYMENT_TARGET = 17.0;
				LOCALIZATION_PREFERS_STRING_CATALOGS = YES;
				MTL_ENABLE_DEBUG_INFO = NO;
				MTL_FAST_MATH = YES;
				SDKROOT = iphoneos;
				SWIFT_COMPILATION_MODE = wholemodule;
				VALIDATE_PRODUCT = YES;
			};
			name = Release;
		};
		CE6C66682B35FB1800871036 /* Debug */ = {
			isa = XCBuildConfiguration;
			buildSettings = {
				ASSETCATALOG_COMPILER_APPICON_NAME = AppIcon;
				ASSETCATALOG_COMPILER_GLOBAL_ACCENT_COLOR_NAME = AccentColor;
				CODE_SIGN_STYLE = Automatic;
				CURRENT_PROJECT_VERSION = 1;
				DEVELOPMENT_ASSET_PATHS = "\"FinanceApp/Preview Content\"";
				ENABLE_PREVIEWS = YES;
				GENERATE_INFOPLIST_FILE = YES;
				INFOPLIST_KEY_UIApplicationSceneManifest_Generation = YES;
				INFOPLIST_KEY_UIApplicationSupportsIndirectInputEvents = YES;
				INFOPLIST_KEY_UILaunchScreen_Generation = YES;
				INFOPLIST_KEY_UISupportedInterfaceOrientations_iPad = "UIInterfaceOrientationPortrait UIInterfaceOrientationPortraitUpsideDown UIInterfaceOrientationLandscapeLeft UIInterfaceOrientationLandscapeRight";
				INFOPLIST_KEY_UISupportedInterfaceOrientations_iPhone = "UIInterfaceOrientationPortrait UIInterfaceOrientationLandscapeLeft UIInterfaceOrientationLandscapeRight";
				LD_RUNPATH_SEARCH_PATHS = (
					"$(inherited)",
					"@executable_path/Frameworks",
				);
				MARKETING_VERSION = 1.0;
				PRODUCT_BUNDLE_IDENTIFIER = com.godwin.FinanceApp;
				PRODUCT_NAME = "$(TARGET_NAME)";
				SWIFT_EMIT_LOC_STRINGS = YES;
				SWIFT_VERSION = 5.0;
				TARGETED_DEVICE_FAMILY = "1,2";
			};
			name = Debug;
		};
		CE6C66692B35FB1800871036 /* Release */ = {
			isa = XCBuildConfiguration;
			buildSettings = {
				ASSETCATALOG_COMPILER_APPICON_NAME = AppIcon;
				ASSETCATALOG_COMPILER_GLOBAL_ACCENT_COLOR_NAME = AccentColor;
				CODE_SIGN_STYLE = Automatic;
				CURRENT_PROJECT_VERSION = 1;
				DEVELOPMENT_ASSET_PATHS = "\"FinanceApp/Preview Content\"";
				ENABLE_PREVIEWS = YES;
				GENERATE_INFOPLIST_FILE = YES;
				INFOPLIST_KEY_UIApplicationSceneManifest_Generation = YES;
				INFOPLIST_KEY_UIApplicationSupportsIndirectInputEvents = YES;
				INFOPLIST_KEY_UILaunchScreen_Generation = YES;
				INFOPLIST_KEY_UISupportedInterfaceOrientations_iPad = "UIInterfaceOrientationPortrait UIInterfaceOrientationPortraitUpsideDown UIInterfaceOrientationLandscapeLeft UIInterfaceOrientationLandscapeRight";
				INFOPLIST_KEY_UISupportedInterfaceOrientations_iPhone = "UIInterfaceOrientationPortrait UIInterfaceOrientationLandscapeLeft UIInterfaceOrientationLandscapeRight";
				LD_RUNPATH_SEARCH_PATHS = (
					"$(inherited)",
					"@executable_path/Frameworks",
				);
				MARKETING_VERSION = 1.0;
				PRODUCT_BUNDLE_IDENTIFIER = com.godwin.FinanceApp;
				PRODUCT_NAME = "$(TARGET_NAME)";
				SWIFT_EMIT_LOC_STRINGS = YES;
				SWIFT_VERSION = 5.0;
				TARGETED_DEVICE_FAMILY = "1,2";
			};
			name = Release;
		};
/* End XCBuildConfiguration section */

/* Begin XCConfigurationList section */
		CE6C66542B35FB1400871036 /* Build configuration list for PBXProject "FinanceApp" */ = {
			isa = XCConfigurationList;
			buildConfigurations = (
				CE6C66652B35FB1800871036 /* Debug */,
				CE6C66662B35FB1800871036 /* Release */,
			);
			defaultConfigurationIsVisible = 0;
			defaultConfigurationName = Release;
		};
		CE6C66672B35FB1800871036 /* Build configuration list for PBXNativeTarget "FinanceApp" */ = {
			isa = XCConfigurationList;
			buildConfigurations = (
				CE6C66682B35FB1800871036 /* Debug */,
				CE6C66692B35FB1800871036 /* Release */,
			);
			defaultConfigurationIsVisible = 0;
			defaultConfigurationName = Release;
		};
/* End XCConfigurationList section */
	};
	rootObject = CE6C66512B35FB1400871036 /* Project object */;
}
